
Microsoft Visual Studio Solution File, Format Version 12.00
# Visual Studio Version 16
VisualStudioVersion = 16.0.30128.74
MinimumVisualStudioVersion = 10.0.40219.1
Project("{FAE04EC0-301F-11D3-BF4B-00C04F79EFBC}") = "MLS.Common", "MLS.Common\MLS.Common.csproj", "{17D2598B-F8E3-4ED9-B2D6-1C1E08EA1111}"
EndProject
Project("{FAE04EC0-301F-11D3-BF4B-00C04F79EFBC}") = "MLS.Web", "MLS.Web\MLS.Web.csproj", "{129A9F29-DA68-4870-8C70-09D208B11054}"
EndProject
Project("{FAE04EC0-301F-11D3-BF4B-00C04F79EFBC}") = "MLS.Prism", "MLS.Prism\MLS.Prism\MLS.Prism.csproj", "{48A243DA-84C9-4846-B5CF-9D962E6C423D}"
EndProject
Project("{FAE04EC0-301F-11D3-BF4B-00C04F79EFBC}") = "MLS.Prism.Android", "MLS.Prism\MLS.Prism.Android\MLS.Prism.Android.csproj", "{6EA8B0A9-43C2-4149-9BA2-CAAE7A91D331}"
EndProject
Project("{FAE04EC0-301F-11D3-BF4B-00C04F79EFBC}") = "MLS.Prism.iOS", "MLS.Prism\MLS.Prism.iOS\MLS.Prism.iOS.csproj", "{2C6DD93D-EB10-4336-80BD-10E1545D82AE}"
EndProject
Project("{FAE04EC0-301F-11D3-BF4B-00C04F79EFBC}") = "MLS.Cross", "MLS.Cross\MLS.Cross.csproj", "{9CF204DB-DBA4-4AE1-BF34-90C300D37FE3}"
EndProject
Project("{FAE04EC0-301F-11D3-BF4B-00C04F79EFBC}") = "MLS.Cross.IOS", "MLS.Cross.IOS\MLS.Cross.IOS.csproj", "{FA4230C2-AA2A-454B-A2E8-0DC63AE0C04D}"
EndProject
Global
	GlobalSection(SolutionConfigurationPlatforms) = preSolution
		Ad-Hoc|Any CPU = Ad-Hoc|Any CPU
		Ad-Hoc|iPhone = Ad-Hoc|iPhone
		Ad-Hoc|iPhoneSimulator = Ad-Hoc|iPhoneSimulator
		AppStore|Any CPU = AppStore|Any CPU
		AppStore|iPhone = AppStore|iPhone
		AppStore|iPhoneSimulator = AppStore|iPhoneSimulator
		Debug|Any CPU = Debug|Any CPU
		Debug|iPhone = Debug|iPhone
		Debug|iPhoneSimulator = Debug|iPhoneSimulator
		Release|Any CPU = Release|Any CPU
		Release|iPhone = Release|iPhone
		Release|iPhoneSimulator = Release|iPhoneSimulator
	EndGlobalSection
	GlobalSection(ProjectConfigurationPlatforms) = postSolution
		{17D2598B-F8E3-4ED9-B2D6-1C1E08EA1111}.Ad-Hoc|Any CPU.ActiveCfg = Debug|Any CPU
		{17D2598B-F8E3-4ED9-B2D6-1C1E08EA1111}.Ad-Hoc|Any CPU.Build.0 = Debug|Any CPU
		{17D2598B-F8E3-4ED9-B2D6-1C1E08EA1111}.Ad-Hoc|iPhone.ActiveCfg = Debug|Any CPU
		{17D2598B-F8E3-4ED9-B2D6-1C1E08EA1111}.Ad-Hoc|iPhone.Build.0 = Debug|Any CPU
		{17D2598B-F8E3-4ED9-B2D6-1C1E08EA1111}.Ad-Hoc|iPhoneSimulator.ActiveCfg = Debug|Any CPU
		{17D2598B-F8E3-4ED9-B2D6-1C1E08EA1111}.Ad-Hoc|iPhoneSimulator.Build.0 = Debug|Any CPU
		{17D2598B-F8E3-4ED9-B2D6-1C1E08EA1111}.AppStore|Any CPU.ActiveCfg = Debug|Any CPU
		{17D2598B-F8E3-4ED9-B2D6-1C1E08EA1111}.AppStore|Any CPU.Build.0 = Debug|Any CPU
		{17D2598B-F8E3-4ED9-B2D6-1C1E08EA1111}.AppStore|iPhone.ActiveCfg = Debug|Any CPU
		{17D2598B-F8E3-4ED9-B2D6-1C1E08EA1111}.AppStore|iPhone.Build.0 = Debug|Any CPU
		{17D2598B-F8E3-4ED9-B2D6-1C1E08EA1111}.AppStore|iPhoneSimulator.ActiveCfg = Debug|Any CPU
		{17D2598B-F8E3-4ED9-B2D6-1C1E08EA1111}.AppStore|iPhoneSimulator.Build.0 = Debug|Any CPU
		{17D2598B-F8E3-4ED9-B2D6-1C1E08EA1111}.Debug|Any CPU.ActiveCfg = Debug|Any CPU
		{17D2598B-F8E3-4ED9-B2D6-1C1E08EA1111}.Debug|Any CPU.Build.0 = Debug|Any CPU
		{17D2598B-F8E3-4ED9-B2D6-1C1E08EA1111}.Debug|iPhone.ActiveCfg = Debug|Any CPU
		{17D2598B-F8E3-4ED9-B2D6-1C1E08EA1111}.Debug|iPhone.Build.0 = Debug|Any CPU
		{17D2598B-F8E3-4ED9-B2D6-1C1E08EA1111}.Debug|iPhoneSimulator.ActiveCfg = Debug|Any CPU
		{17D2598B-F8E3-4ED9-B2D6-1C1E08EA1111}.Debug|iPhoneSimulator.Build.0 = Debug|Any CPU
		{17D2598B-F8E3-4ED9-B2D6-1C1E08EA1111}.Release|Any CPU.ActiveCfg = Release|Any CPU
		{17D2598B-F8E3-4ED9-B2D6-1C1E08EA1111}.Release|Any CPU.Build.0 = Release|Any CPU
		{17D2598B-F8E3-4ED9-B2D6-1C1E08EA1111}.Release|iPhone.ActiveCfg = Release|Any CPU
		{17D2598B-F8E3-4ED9-B2D6-1C1E08EA1111}.Release|iPhone.Build.0 = Release|Any CPU
		{17D2598B-F8E3-4ED9-B2D6-1C1E08EA1111}.Release|iPhoneSimulator.ActiveCfg = Release|Any CPU
		{17D2598B-F8E3-4ED9-B2D6-1C1E08EA1111}.Release|iPhoneSimulator.Build.0 = Release|Any CPU
		{129A9F29-DA68-4870-8C70-09D208B11054}.Ad-Hoc|Any CPU.ActiveCfg = Debug|Any CPU
		{129A9F29-DA68-4870-8C70-09D208B11054}.Ad-Hoc|Any CPU.Build.0 = Debug|Any CPU
		{129A9F29-DA68-4870-8C70-09D208B11054}.Ad-Hoc|iPhone.ActiveCfg = Debug|Any CPU
		{129A9F29-DA68-4870-8C70-09D208B11054}.Ad-Hoc|iPhone.Build.0 = Debug|Any CPU
		{129A9F29-DA68-4870-8C70-09D208B11054}.Ad-Hoc|iPhoneSimulator.ActiveCfg = Debug|Any CPU
		{129A9F29-DA68-4870-8C70-09D208B11054}.Ad-Hoc|iPhoneSimulator.Build.0 = Debug|Any CPU
		{129A9F29-DA68-4870-8C70-09D208B11054}.AppStore|Any CPU.ActiveCfg = Debug|Any CPU
		{129A9F29-DA68-4870-8C70-09D208B11054}.AppStore|Any CPU.Build.0 = Debug|Any CPU
		{129A9F29-DA68-4870-8C70-09D208B11054}.AppStore|iPhone.ActiveCfg = Debug|Any CPU
		{129A9F29-DA68-4870-8C70-09D208B11054}.AppStore|iPhone.Build.0 = Debug|Any CPU
		{129A9F29-DA68-4870-8C70-09D208B11054}.AppStore|iPhoneSimulator.ActiveCfg = Debug|Any CPU
		{129A9F29-DA68-4870-8C70-09D208B11054}.AppStore|iPhoneSimulator.Build.0 = Debug|Any CPU
		{129A9F29-DA68-4870-8C70-09D208B11054}.Debug|Any CPU.ActiveCfg = Debug|Any CPU
		{129A9F29-DA68-4870-8C70-09D208B11054}.Debug|Any CPU.Build.0 = Debug|Any CPU
		{129A9F29-DA68-4870-8C70-09D208B11054}.Debug|iPhone.ActiveCfg = Debug|Any CPU
		{129A9F29-DA68-4870-8C70-09D208B11054}.Debug|iPhone.Build.0 = Debug|Any CPU
		{129A9F29-DA68-4870-8C70-09D208B11054}.Debug|iPhoneSimulator.ActiveCfg = Debug|Any CPU
		{129A9F29-DA68-4870-8C70-09D208B11054}.Debug|iPhoneSimulator.Build.0 = Debug|Any CPU
		{129A9F29-DA68-4870-8C70-09D208B11054}.Release|Any CPU.ActiveCfg = Release|Any CPU
		{129A9F29-DA68-4870-8C70-09D208B11054}.Release|Any CPU.Build.0 = Release|Any CPU
		{129A9F29-DA68-4870-8C70-09D208B11054}.Release|iPhone.ActiveCfg = Release|Any CPU
		{129A9F29-DA68-4870-8C70-09D208B11054}.Release|iPhone.Build.0 = Release|Any CPU
		{129A9F29-DA68-4870-8C70-09D208B11054}.Release|iPhoneSimulator.ActiveCfg = Release|Any CPU
		{129A9F29-DA68-4870-8C70-09D208B11054}.Release|iPhoneSimulator.Build.0 = Release|Any CPU
		{48A243DA-84C9-4846-B5CF-9D962E6C423D}.Ad-Hoc|Any CPU.ActiveCfg = Debug|Any CPU
		{48A243DA-84C9-4846-B5CF-9D962E6C423D}.Ad-Hoc|Any CPU.Build.0 = Debug|Any CPU
		{48A243DA-84C9-4846-B5CF-9D962E6C423D}.Ad-Hoc|iPhone.ActiveCfg = Debug|Any CPU
		{48A243DA-84C9-4846-B5CF-9D962E6C423D}.Ad-Hoc|iPhone.Build.0 = Debug|Any CPU
		{48A243DA-84C9-4846-B5CF-9D962E6C423D}.Ad-Hoc|iPhoneSimulator.ActiveCfg = Debug|Any CPU
		{48A243DA-84C9-4846-B5CF-9D962E6C423D}.Ad-Hoc|iPhoneSimulator.Build.0 = Debug|Any CPU
		{48A243DA-84C9-4846-B5CF-9D962E6C423D}.AppStore|Any CPU.ActiveCfg = Debug|Any CPU
		{48A243DA-84C9-4846-B5CF-9D962E6C423D}.AppStore|Any CPU.Build.0 = Debug|Any CPU
		{48A243DA-84C9-4846-B5CF-9D962E6C423D}.AppStore|iPhone.ActiveCfg = Debug|Any CPU
		{48A243DA-84C9-4846-B5CF-9D962E6C423D}.AppStore|iPhone.Build.0 = Debug|Any CPU
		{48A243DA-84C9-4846-B5CF-9D962E6C423D}.AppStore|iPhoneSimulator.ActiveCfg = Debug|Any CPU
		{48A243DA-84C9-4846-B5CF-9D962E6C423D}.AppStore|iPhoneSimulator.Build.0 = Debug|Any CPU
		{48A243DA-84C9-4846-B5CF-9D962E6C423D}.Debug|Any CPU.ActiveCfg = Debug|Any CPU
		{48A243DA-84C9-4846-B5CF-9D962E6C423D}.Debug|Any CPU.Build.0 = Debug|Any CPU
		{48A243DA-84C9-4846-B5CF-9D962E6C423D}.Debug|iPhone.ActiveCfg = Debug|Any CPU
		{48A243DA-84C9-4846-B5CF-9D962E6C423D}.Debug|iPhone.Build.0 = Debug|Any CPU
		{48A243DA-84C9-4846-B5CF-9D962E6C423D}.Debug|iPhoneSimulator.ActiveCfg = Debug|Any CPU
		{48A243DA-84C9-4846-B5CF-9D962E6C423D}.Debug|iPhoneSimulator.Build.0 = Debug|Any CPU
		{48A243DA-84C9-4846-B5CF-9D962E6C423D}.Release|Any CPU.ActiveCfg = Release|Any CPU
		{48A243DA-84C9-4846-B5CF-9D962E6C423D}.Release|Any CPU.Build.0 = Release|Any CPU
		{48A243DA-84C9-4846-B5CF-9D962E6C423D}.Release|iPhone.ActiveCfg = Release|Any CPU
		{48A243DA-84C9-4846-B5CF-9D962E6C423D}.Release|iPhone.Build.0 = Release|Any CPU
		{48A243DA-84C9-4846-B5CF-9D962E6C423D}.Release|iPhoneSimulator.ActiveCfg = Release|Any CPU
		{48A243DA-84C9-4846-B5CF-9D962E6C423D}.Release|iPhoneSimulator.Build.0 = Release|Any CPU
		{6EA8B0A9-43C2-4149-9BA2-CAAE7A91D331}.Ad-Hoc|Any CPU.ActiveCfg = Release|Any CPU
		{6EA8B0A9-43C2-4149-9BA2-CAAE7A91D331}.Ad-Hoc|Any CPU.Build.0 = Release|Any CPU
		{6EA8B0A9-43C2-4149-9BA2-CAAE7A91D331}.Ad-Hoc|Any CPU.Deploy.0 = Release|Any CPU
		{6EA8B0A9-43C2-4149-9BA2-CAAE7A91D331}.Ad-Hoc|iPhone.ActiveCfg = Release|Any CPU
		{6EA8B0A9-43C2-4149-9BA2-CAAE7A91D331}.Ad-Hoc|iPhone.Build.0 = Release|Any CPU
		{6EA8B0A9-43C2-4149-9BA2-CAAE7A91D331}.Ad-Hoc|iPhone.Deploy.0 = Release|Any CPU
		{6EA8B0A9-43C2-4149-9BA2-CAAE7A91D331}.Ad-Hoc|iPhoneSimulator.ActiveCfg = Release|Any CPU
		{6EA8B0A9-43C2-4149-9BA2-CAAE7A91D331}.Ad-Hoc|iPhoneSimulator.Build.0 = Release|Any CPU
		{6EA8B0A9-43C2-4149-9BA2-CAAE7A91D331}.Ad-Hoc|iPhoneSimulator.Deploy.0 = Release|Any CPU
		{6EA8B0A9-43C2-4149-9BA2-CAAE7A91D331}.AppStore|Any CPU.ActiveCfg = Release|Any CPU
		{6EA8B0A9-43C2-4149-9BA2-CAAE7A91D331}.AppStore|Any CPU.Build.0 = Release|Any CPU
		{6EA8B0A9-43C2-4149-9BA2-CAAE7A91D331}.AppStore|Any CPU.Deploy.0 = Release|Any CPU
		{6EA8B0A9-43C2-4149-9BA2-CAAE7A91D331}.AppStore|iPhone.ActiveCfg = Release|Any CPU
		{6EA8B0A9-43C2-4149-9BA2-CAAE7A91D331}.AppStore|iPhone.Build.0 = Release|Any CPU
		{6EA8B0A9-43C2-4149-9BA2-CAAE7A91D331}.AppStore|iPhone.Deploy.0 = Release|Any CPU
		{6EA8B0A9-43C2-4149-9BA2-CAAE7A91D331}.AppStore|iPhoneSimulator.ActiveCfg = Release|Any CPU
		{6EA8B0A9-43C2-4149-9BA2-CAAE7A91D331}.AppStore|iPhoneSimulator.Build.0 = Release|Any CPU
		{6EA8B0A9-43C2-4149-9BA2-CAAE7A91D331}.AppStore|iPhoneSimulator.Deploy.0 = Release|Any CPU
		{6EA8B0A9-43C2-4149-9BA2-CAAE7A91D331}.Debug|Any CPU.ActiveCfg = Debug|Any CPU
		{6EA8B0A9-43C2-4149-9BA2-CAAE7A91D331}.Debug|Any CPU.Build.0 = Debug|Any CPU
		{6EA8B0A9-43C2-4149-9BA2-CAAE7A91D331}.Debug|Any CPU.Deploy.0 = Debug|Any CPU
		{6EA8B0A9-43C2-4149-9BA2-CAAE7A91D331}.Debug|iPhone.ActiveCfg = Debug|Any CPU
		{6EA8B0A9-43C2-4149-9BA2-CAAE7A91D331}.Debug|iPhone.Build.0 = Debug|Any CPU
		{6EA8B0A9-43C2-4149-9BA2-CAAE7A91D331}.Debug|iPhone.Deploy.0 = Debug|Any CPU
		{6EA8B0A9-43C2-4149-9BA2-CAAE7A91D331}.Debug|iPhoneSimulator.ActiveCfg = Debug|Any CPU
		{6EA8B0A9-43C2-4149-9BA2-CAAE7A91D331}.Debug|iPhoneSimulator.Build.0 = Debug|Any CPU
		{6EA8B0A9-43C2-4149-9BA2-CAAE7A91D331}.Debug|iPhoneSimulator.Deploy.0 = Debug|Any CPU
		{6EA8B0A9-43C2-4149-9BA2-CAAE7A91D331}.Release|Any CPU.ActiveCfg = Release|Any CPU
		{6EA8B0A9-43C2-4149-9BA2-CAAE7A91D331}.Release|Any CPU.Build.0 = Release|Any CPU
		{6EA8B0A9-43C2-4149-9BA2-CAAE7A91D331}.Release|Any CPU.Deploy.0 = Release|Any CPU
		{6EA8B0A9-43C2-4149-9BA2-CAAE7A91D331}.Release|iPhone.ActiveCfg = Release|Any CPU
		{6EA8B0A9-43C2-4149-9BA2-CAAE7A91D331}.Release|iPhone.Build.0 = Release|Any CPU
		{6EA8B0A9-43C2-4149-9BA2-CAAE7A91D331}.Release|iPhone.Deploy.0 = Release|Any CPU
		{6EA8B0A9-43C2-4149-9BA2-CAAE7A91D331}.Release|iPhoneSimulator.ActiveCfg = Release|Any CPU
		{6EA8B0A9-43C2-4149-9BA2-CAAE7A91D331}.Release|iPhoneSimulator.Build.0 = Release|Any CPU
		{6EA8B0A9-43C2-4149-9BA2-CAAE7A91D331}.Release|iPhoneSimulator.Deploy.0 = Release|Any CPU
		{2C6DD93D-EB10-4336-80BD-10E1545D82AE}.Ad-Hoc|Any CPU.ActiveCfg = Ad-Hoc|iPhone
		{2C6DD93D-EB10-4336-80BD-10E1545D82AE}.Ad-Hoc|iPhone.ActiveCfg = Ad-Hoc|iPhone
		{2C6DD93D-EB10-4336-80BD-10E1545D82AE}.Ad-Hoc|iPhone.Build.0 = Ad-Hoc|iPhone
		{2C6DD93D-EB10-4336-80BD-10E1545D82AE}.Ad-Hoc|iPhoneSimulator.ActiveCfg = Ad-Hoc|iPhoneSimulator
		{2C6DD93D-EB10-4336-80BD-10E1545D82AE}.Ad-Hoc|iPhoneSimulator.Build.0 = Ad-Hoc|iPhoneSimulator
		{2C6DD93D-EB10-4336-80BD-10E1545D82AE}.AppStore|Any CPU.ActiveCfg = AppStore|iPhone
		{2C6DD93D-EB10-4336-80BD-10E1545D82AE}.AppStore|iPhone.ActiveCfg = AppStore|iPhone
		{2C6DD93D-EB10-4336-80BD-10E1545D82AE}.AppStore|iPhone.Build.0 = AppStore|iPhone
		{2C6DD93D-EB10-4336-80BD-10E1545D82AE}.AppStore|iPhoneSimulator.ActiveCfg = AppStore|iPhoneSimulator
		{2C6DD93D-EB10-4336-80BD-10E1545D82AE}.AppStore|iPhoneSimulator.Build.0 = AppStore|iPhoneSimulator
		{2C6DD93D-EB10-4336-80BD-10E1545D82AE}.Debug|Any CPU.ActiveCfg = Debug|iPhone
		{2C6DD93D-EB10-4336-80BD-10E1545D82AE}.Debug|iPhone.ActiveCfg = Debug|iPhone
		{2C6DD93D-EB10-4336-80BD-10E1545D82AE}.Debug|iPhone.Build.0 = Debug|iPhone
		{2C6DD93D-EB10-4336-80BD-10E1545D82AE}.Debug|iPhoneSimulator.ActiveCfg = Debug|iPhoneSimulator
		{2C6DD93D-EB10-4336-80BD-10E1545D82AE}.Debug|iPhoneSimulator.Build.0 = Debug|iPhoneSimulator
		{2C6DD93D-EB10-4336-80BD-10E1545D82AE}.Release|Any CPU.ActiveCfg = Release|iPhone
		{2C6DD93D-EB10-4336-80BD-10E1545D82AE}.Release|iPhone.ActiveCfg = Release|iPhone
		{2C6DD93D-EB10-4336-80BD-10E1545D82AE}.Release|iPhone.Build.0 = Release|iPhone
		{2C6DD93D-EB10-4336-80BD-10E1545D82AE}.Release|iPhoneSimulator.ActiveCfg = Release|iPhoneSimulator
		{2C6DD93D-EB10-4336-80BD-10E1545D82AE}.Release|iPhoneSimulator.Build.0 = Release|iPhoneSimulator
		{9CF204DB-DBA4-4AE1-BF34-90C300D37FE3}.Ad-Hoc|Any CPU.ActiveCfg = Release|Any CPU
		{9CF204DB-DBA4-4AE1-BF34-90C300D37FE3}.Ad-Hoc|Any CPU.Build.0 = Release|Any CPU
		{9CF204DB-DBA4-4AE1-BF34-90C300D37FE3}.Ad-Hoc|Any CPU.Deploy.0 = Release|Any CPU
		{9CF204DB-DBA4-4AE1-BF34-90C300D37FE3}.Ad-Hoc|iPhone.ActiveCfg = Release|Any CPU
		{9CF204DB-DBA4-4AE1-BF34-90C300D37FE3}.Ad-Hoc|iPhone.Build.0 = Release|Any CPU
		{9CF204DB-DBA4-4AE1-BF34-90C300D37FE3}.Ad-Hoc|iPhone.Deploy.0 = Release|Any CPU
		{9CF204DB-DBA4-4AE1-BF34-90C300D37FE3}.Ad-Hoc|iPhoneSimulator.ActiveCfg = Release|Any CPU
		{9CF204DB-DBA4-4AE1-BF34-90C300D37FE3}.Ad-Hoc|iPhoneSimulator.Build.0 = Release|Any CPU
		{9CF204DB-DBA4-4AE1-BF34-90C300D37FE3}.Ad-Hoc|iPhoneSimulator.Deploy.0 = Release|Any CPU
		{9CF204DB-DBA4-4AE1-BF34-90C300D37FE3}.AppStore|Any CPU.ActiveCfg = Release|Any CPU
		{9CF204DB-DBA4-4AE1-BF34-90C300D37FE3}.AppStore|Any CPU.Build.0 = Release|Any CPU
		{9CF204DB-DBA4-4AE1-BF34-90C300D37FE3}.AppStore|Any CPU.Deploy.0 = Release|Any CPU
		{9CF204DB-DBA4-4AE1-BF34-90C300D37FE3}.AppStore|iPhone.ActiveCfg = Release|Any CPU
		{9CF204DB-DBA4-4AE1-BF34-90C300D37FE3}.AppStore|iPhone.Build.0 = Release|Any CPU
		{9CF204DB-DBA4-4AE1-BF34-90C300D37FE3}.AppStore|iPhone.Deploy.0 = Release|Any CPU
		{9CF204DB-DBA4-4AE1-BF34-90C300D37FE3}.AppStore|iPhoneSimulator.ActiveCfg = Release|Any CPU
		{9CF204DB-DBA4-4AE1-BF34-90C300D37FE3}.AppStore|iPhoneSimulator.Build.0 = Release|Any CPU
		{9CF204DB-DBA4-4AE1-BF34-90C300D37FE3}.AppStore|iPhoneSimulator.Deploy.0 = Release|Any CPU
		{9CF204DB-DBA4-4AE1-BF34-90C300D37FE3}.Debug|Any CPU.ActiveCfg = Debug|Any CPU
		{9CF204DB-DBA4-4AE1-BF34-90C300D37FE3}.Debug|Any CPU.Build.0 = Debug|Any CPU
		{9CF204DB-DBA4-4AE1-BF34-90C300D37FE3}.Debug|Any CPU.Deploy.0 = Debug|Any CPU
		{9CF204DB-DBA4-4AE1-BF34-90C300D37FE3}.Debug|iPhone.ActiveCfg = Debug|Any CPU
		{9CF204DB-DBA4-4AE1-BF34-90C300D37FE3}.Debug|iPhone.Build.0 = Debug|Any CPU
		{9CF204DB-DBA4-4AE1-BF34-90C300D37FE3}.Debug|iPhone.Deploy.0 = Debug|Any CPU
		{9CF204DB-DBA4-4AE1-BF34-90C300D37FE3}.Debug|iPhoneSimulator.ActiveCfg = Debug|Any CPU
		{9CF204DB-DBA4-4AE1-BF34-90C300D37FE3}.Debug|iPhoneSimulator.Build.0 = Debug|Any CPU
		{9CF204DB-DBA4-4AE1-BF34-90C300D37FE3}.Debug|iPhoneSimulator.Deploy.0 = Debug|Any CPU
		{9CF204DB-DBA4-4AE1-BF34-90C300D37FE3}.Release|Any CPU.ActiveCfg = Release|Any CPU
		{9CF204DB-DBA4-4AE1-BF34-90C300D37FE3}.Release|Any CPU.Build.0 = Release|Any CPU
		{9CF204DB-DBA4-4AE1-BF34-90C300D37FE3}.Release|Any CPU.Deploy.0 = Release|Any CPU
		{9CF204DB-DBA4-4AE1-BF34-90C300D37FE3}.Release|iPhone.ActiveCfg = Release|Any CPU
		{9CF204DB-DBA4-4AE1-BF34-90C300D37FE3}.Release|iPhone.Build.0 = Release|Any CPU
		{9CF204DB-DBA4-4AE1-BF34-90C300D37FE3}.Release|iPhone.Deploy.0 = Release|Any CPU
		{9CF204DB-DBA4-4AE1-BF34-90C300D37FE3}.Release|iPhoneSimulator.ActiveCfg = Release|Any CPU
		{9CF204DB-DBA4-4AE1-BF34-90C300D37FE3}.Release|iPhoneSimulator.Build.0 = Release|Any CPU
		{9CF204DB-DBA4-4AE1-BF34-90C300D37FE3}.Release|iPhoneSimulator.Deploy.0 = Release|Any CPU
		{FA4230C2-AA2A-454B-A2E8-0DC63AE0C04D}.Ad-Hoc|Any CPU.ActiveCfg = Release|iPhone
		{FA4230C2-AA2A-454B-A2E8-0DC63AE0C04D}.Ad-Hoc|Any CPU.Build.0 = Release|iPhone
		{FA4230C2-AA2A-454B-A2E8-0DC63AE0C04D}.Ad-Hoc|iPhone.ActiveCfg = Release|iPhone
		{FA4230C2-AA2A-454B-A2E8-0DC63AE0C04D}.Ad-Hoc|iPhone.Build.0 = Release|iPhone
		{FA4230C2-AA2A-454B-A2E8-0DC63AE0C04D}.Ad-Hoc|iPhoneSimulator.ActiveCfg = Release|iPhoneSimulator
		{FA4230C2-AA2A-454B-A2E8-0DC63AE0C04D}.Ad-Hoc|iPhoneSimulator.Build.0 = Release|iPhoneSimulator
		{FA4230C2-AA2A-454B-A2E8-0DC63AE0C04D}.AppStore|Any CPU.ActiveCfg = Release|iPhone
		{FA4230C2-AA2A-454B-A2E8-0DC63AE0C04D}.AppStore|Any CPU.Build.0 = Release|iPhone
		{FA4230C2-AA2A-454B-A2E8-0DC63AE0C04D}.AppStore|iPhone.ActiveCfg = Release|iPhone
		{FA4230C2-AA2A-454B-A2E8-0DC63AE0C04D}.AppStore|iPhone.Build.0 = Release|iPhone
		{FA4230C2-AA2A-454B-A2E8-0DC63AE0C04D}.AppStore|iPhoneSimulator.ActiveCfg = Release|iPhoneSimulator
		{FA4230C2-AA2A-454B-A2E8-0DC63AE0C04D}.AppStore|iPhoneSimulator.Build.0 = Release|iPhoneSimulator
		{FA4230C2-AA2A-454B-A2E8-0DC63AE0C04D}.Debug|Any CPU.ActiveCfg = Debug|iPhone
		{FA4230C2-AA2A-454B-A2E8-0DC63AE0C04D}.Debug|iPhone.ActiveCfg = Debug|iPhone
		{FA4230C2-AA2A-454B-A2E8-0DC63AE0C04D}.Debug|iPhone.Build.0 = Debug|iPhone
		{FA4230C2-AA2A-454B-A2E8-0DC63AE0C04D}.Debug|iPhoneSimulator.ActiveCfg = Debug|iPhoneSimulator
		{FA4230C2-AA2A-454B-A2E8-0DC63AE0C04D}.Debug|iPhoneSimulator.Build.0 = Debug|iPhoneSimulator
		{FA4230C2-AA2A-454B-A2E8-0DC63AE0C04D}.Release|Any CPU.ActiveCfg = Release|iPhone
		{FA4230C2-AA2A-454B-A2E8-0DC63AE0C04D}.Release|iPhone.ActiveCfg = Release|iPhone
		{FA4230C2-AA2A-454B-A2E8-0DC63AE0C04D}.Release|iPhone.Build.0 = Release|iPhone
		{FA4230C2-AA2A-454B-A2E8-0DC63AE0C04D}.Release|iPhoneSimulator.ActiveCfg = Release|iPhoneSimulator
		{FA4230C2-AA2A-454B-A2E8-0DC63AE0C04D}.Release|iPhoneSimulator.Build.0 = Release|iPhoneSimulator
	EndGlobalSection
	GlobalSection(SolutionProperties) = preSolution
		HideSolutionNode = FALSE
	EndGlobalSection
	GlobalSection(ExtensibilityGlobals) = postSolution
		SolutionGuid = {2D212D7C-E37E-4BBF-8FF3-7BE550A227BD}
	EndGlobalSection
EndGlobal
